// !$*UTF8*$!
{
	archiveVersion = 1;
	classes = {
	};
	objectVersion = 46;
	objects = {

/* Begin PBXBuildFile section */
		D8015FB41CCA6DB700F2BCED /* SegueTransitionController.swift in Sources */ = {isa = PBXBuildFile; fileRef = D8015FB31CCA6DB700F2BCED /* SegueTransitionController.swift */; };
		D81999571CC7B588009E7E48 /* TableRow.swift in Sources */ = {isa = PBXBuildFile; fileRef = D81999561CC7B588009E7E48 /* TableRow.swift */; };
		D81F603C1CCCE843005BBBC4 /* ImageFromStoryBoardController.swift in Sources */ = {isa = PBXBuildFile; fileRef = D81F603B1CCCE843005BBBC4 /* ImageFromStoryBoardController.swift */; };
		D8469ABD1CCD92C300528777 /* Assets.xcassets in Resources */ = {isa = PBXBuildFile; fileRef = D8469ABC1CCD92C300528777 /* Assets.xcassets */; };
		D8469AC01CCEDECE00528777 /* ImageFromCodeController.swift in Sources */ = {isa = PBXBuildFile; fileRef = D8469ABF1CCEDECE00528777 /* ImageFromCodeController.swift */; };
		D886EB851CCC61C7004FEAD2 /* SegueDetailController.swift in Sources */ = {isa = PBXBuildFile; fileRef = D886EB841CCC61C7004FEAD2 /* SegueDetailController.swift */; };
		D8BD5DFC1CA7E86A000E4E0E /* AppDelegate.swift in Sources */ = {isa = PBXBuildFile; fileRef = D8BD5DFB1CA7E86A000E4E0E /* AppDelegate.swift */; };
		D8BD5DFE1CA7E86A000E4E0E /* ViewController.swift in Sources */ = {isa = PBXBuildFile; fileRef = D8BD5DFD1CA7E86A000E4E0E /* ViewController.swift */; };
		D8BD5E011CA7E86A000E4E0E /* Main.storyboard in Resources */ = {isa = PBXBuildFile; fileRef = D8BD5DFF1CA7E86A000E4E0E /* Main.storyboard */; };
		D8BD5E031CA7E86A000E4E0E /* Assets.xcassets in Resources */ = {isa = PBXBuildFile; fileRef = D8BD5E021CA7E86A000E4E0E /* Assets.xcassets */; };
		D8BD5E061CA7E86A000E4E0E /* LaunchScreen.storyboard in Resources */ = {isa = PBXBuildFile; fileRef = D8BD5E041CA7E86A000E4E0E /* LaunchScreen.storyboard */; };
		D8BD5E0B1CA7E86A000E4E0E /* AppleWatchSample WatchKit App.app in Embed Watch Content */ = {isa = PBXBuildFile; fileRef = D8BD5E0A1CA7E86A000E4E0E /* AppleWatchSample WatchKit App.app */; };
		D8BD5E111CA7E86A000E4E0E /* Interface.storyboard in Resources */ = {isa = PBXBuildFile; fileRef = D8BD5E0F1CA7E86A000E4E0E /* Interface.storyboard */; };
		D8BD5E1A1CA7E86B000E4E0E /* AppleWatchSample WatchKit Extension.appex in Embed App Extensions */ = {isa = PBXBuildFile; fileRef = D8BD5E191CA7E86B000E4E0E /* AppleWatchSample WatchKit Extension.appex */; settings = {ATTRIBUTES = (RemoveHeadersOnCopy, ); }; };
		D8BD5E211CA7E86B000E4E0E /* InterfaceController.swift in Sources */ = {isa = PBXBuildFile; fileRef = D8BD5E201CA7E86B000E4E0E /* InterfaceController.swift */; };
		D8BD5E231CA7E86B000E4E0E /* ExtensionDelegate.swift in Sources */ = {isa = PBXBuildFile; fileRef = D8BD5E221CA7E86B000E4E0E /* ExtensionDelegate.swift */; };
		D8BD5E251CA7E86B000E4E0E /* NotificationController.swift in Sources */ = {isa = PBXBuildFile; fileRef = D8BD5E241CA7E86B000E4E0E /* NotificationController.swift */; };
		D8BD5E271CA7E86B000E4E0E /* Assets.xcassets in Resources */ = {isa = PBXBuildFile; fileRef = D8BD5E261CA7E86B000E4E0E /* Assets.xcassets */; };
/* End PBXBuildFile section */

/* Begin PBXContainerItemProxy section */
		D8BD5E0C1CA7E86A000E4E0E /* PBXContainerItemProxy */ = {
			isa = PBXContainerItemProxy;
			containerPortal = D8BD5DF01CA7E86A000E4E0E /* Project object */;
			proxyType = 1;
			remoteGlobalIDString = D8BD5E091CA7E86A000E4E0E;
			remoteInfo = "AppleWatchSample WatchKit App";
		};
		D8BD5E1B1CA7E86B000E4E0E /* PBXContainerItemProxy */ = {
			isa = PBXContainerItemProxy;
			containerPortal = D8BD5DF01CA7E86A000E4E0E /* Project object */;
			proxyType = 1;
			remoteGlobalIDString = D8BD5E181CA7E86B000E4E0E;
			remoteInfo = "AppleWatchSample WatchKit Extension";
		};
/* End PBXContainerItemProxy section */

/* Begin PBXCopyFilesBuildPhase section */
		D8BD5E2E1CA7E86B000E4E0E /* Embed App Extensions */ = {
			isa = PBXCopyFilesBuildPhase;
			buildActionMask = 2147483647;
			dstPath = "";
			dstSubfolderSpec = 13;
			files = (
				D8BD5E1A1CA7E86B000E4E0E /* AppleWatchSample WatchKit Extension.appex in Embed App Extensions */,
			);
			name = "Embed App Extensions";
			runOnlyForDeploymentPostprocessing = 0;
		};
		D8BD5E321CA7E86B000E4E0E /* Embed Watch Content */ = {
			isa = PBXCopyFilesBuildPhase;
			buildActionMask = 2147483647;
			dstPath = "$(CONTENTS_FOLDER_PATH)/Watch";
			dstSubfolderSpec = 16;
			files = (
				D8BD5E0B1CA7E86A000E4E0E /* AppleWatchSample WatchKit App.app in Embed Watch Content */,
			);
			name = "Embed Watch Content";
			runOnlyForDeploymentPostprocessing = 0;
		};
/* End PBXCopyFilesBuildPhase section */

/* Begin PBXFileReference section */
		D8015FB31CCA6DB700F2BCED /* SegueTransitionController.swift */ = {isa = PBXFileReference; fileEncoding = 4; lastKnownFileType = sourcecode.swift; path = SegueTransitionController.swift; sourceTree = "<group>"; };
		D81999561CC7B588009E7E48 /* TableRow.swift */ = {isa = PBXFileReference; fileEncoding = 4; lastKnownFileType = sourcecode.swift; path = TableRow.swift; sourceTree = "<group>"; };
		D81F603B1CCCE843005BBBC4 /* ImageFromStoryBoardController.swift */ = {isa = PBXFileReference; fileEncoding = 4; lastKnownFileType = sourcecode.swift; path = ImageFromStoryBoardController.swift; sourceTree = "<group>"; };
		D8469ABC1CCD92C300528777 /* Assets.xcassets */ = {isa = PBXFileReference; lastKnownFileType = folder.assetcatalog; path = Assets.xcassets; sourceTree = "<group>"; };
		D8469ABF1CCEDECE00528777 /* ImageFromCodeController.swift */ = {isa = PBXFileReference; fileEncoding = 4; lastKnownFileType = sourcecode.swift; path = ImageFromCodeController.swift; sourceTree = "<group>"; };
		D886EB841CCC61C7004FEAD2 /* SegueDetailController.swift */ = {isa = PBXFileReference; fileEncoding = 4; lastKnownFileType = sourcecode.swift; path = SegueDetailController.swift; sourceTree = "<group>"; };
		D8BD5DF81CA7E86A000E4E0E /* AppleWatchSample.app */ = {isa = PBXFileReference; explicitFileType = wrapper.application; includeInIndex = 0; path = AppleWatchSample.app; sourceTree = BUILT_PRODUCTS_DIR; };
		D8BD5DFB1CA7E86A000E4E0E /* AppDelegate.swift */ = {isa = PBXFileReference; lastKnownFileType = sourcecode.swift; path = AppDelegate.swift; sourceTree = "<group>"; };
		D8BD5DFD1CA7E86A000E4E0E /* ViewController.swift */ = {isa = PBXFileReference; lastKnownFileType = sourcecode.swift; path = ViewController.swift; sourceTree = "<group>"; };
		D8BD5E001CA7E86A000E4E0E /* Base */ = {isa = PBXFileReference; lastKnownFileType = file.storyboard; name = Base; path = Base.lproj/Main.storyboard; sourceTree = "<group>"; };
		D8BD5E021CA7E86A000E4E0E /* Assets.xcassets */ = {isa = PBXFileReference; lastKnownFileType = folder.assetcatalog; path = Assets.xcassets; sourceTree = "<group>"; };
		D8BD5E051CA7E86A000E4E0E /* Base */ = {isa = PBXFileReference; lastKnownFileType = file.storyboard; name = Base; path = Base.lproj/LaunchScreen.storyboard; sourceTree = "<group>"; };
		D8BD5E071CA7E86A000E4E0E /* Info.plist */ = {isa = PBXFileReference; lastKnownFileType = text.plist.xml; path = Info.plist; sourceTree = "<group>"; };
		D8BD5E0A1CA7E86A000E4E0E /* AppleWatchSample WatchKit App.app */ = {isa = PBXFileReference; explicitFileType = wrapper.application; includeInIndex = 0; path = "AppleWatchSample WatchKit App.app"; sourceTree = BUILT_PRODUCTS_DIR; };
		D8BD5E101CA7E86A000E4E0E /* Base */ = {isa = PBXFileReference; lastKnownFileType = file.storyboard; name = Base; path = Base.lproj/Interface.storyboard; sourceTree = "<group>"; };
		D8BD5E141CA7E86A000E4E0E /* Info.plist */ = {isa = PBXFileReference; lastKnownFileType = text.plist.xml; path = Info.plist; sourceTree = "<group>"; };
		D8BD5E191CA7E86B000E4E0E /* AppleWatchSample WatchKit Extension.appex */ = {isa = PBXFileReference; explicitFileType = "wrapper.app-extension"; includeInIndex = 0; path = "AppleWatchSample WatchKit Extension.appex"; sourceTree = BUILT_PRODUCTS_DIR; };
		D8BD5E1F1CA7E86B000E4E0E /* PushNotificationPayload.apns */ = {isa = PBXFileReference; lastKnownFileType = text; path = PushNotificationPayload.apns; sourceTree = "<group>"; };
		D8BD5E201CA7E86B000E4E0E /* InterfaceController.swift */ = {isa = PBXFileReference; lastKnownFileType = sourcecode.swift; path = InterfaceController.swift; sourceTree = "<group>"; };
		D8BD5E221CA7E86B000E4E0E /* ExtensionDelegate.swift */ = {isa = PBXFileReference; lastKnownFileType = sourcecode.swift; path = ExtensionDelegate.swift; sourceTree = "<group>"; };
		D8BD5E241CA7E86B000E4E0E /* NotificationController.swift */ = {isa = PBXFileReference; lastKnownFileType = sourcecode.swift; path = NotificationController.swift; sourceTree = "<group>"; };
		D8BD5E261CA7E86B000E4E0E /* Assets.xcassets */ = {isa = PBXFileReference; lastKnownFileType = folder.assetcatalog; path = Assets.xcassets; sourceTree = "<group>"; };
		D8BD5E281CA7E86B000E4E0E /* Info.plist */ = {isa = PBXFileReference; lastKnownFileType = text.plist.xml; path = Info.plist; sourceTree = "<group>"; };
/* End PBXFileReference section */

/* Begin PBXFrameworksBuildPhase section */
		D8BD5DF51CA7E86A000E4E0E /* Frameworks */ = {
			isa = PBXFrameworksBuildPhase;
			buildActionMask = 2147483647;
			files = (
			);
			runOnlyForDeploymentPostprocessing = 0;
		};
		D8BD5E161CA7E86B000E4E0E /* Frameworks */ = {
			isa = PBXFrameworksBuildPhase;
			buildActionMask = 2147483647;
			files = (
			);
			runOnlyForDeploymentPostprocessing = 0;
		};
/* End PBXFrameworksBuildPhase section */

/* Begin PBXGroup section */
		D81F603A1CCCE805005BBBC4 /* DisplayImage */ = {
			isa = PBXGroup;
			children = (
				D81F603B1CCCE843005BBBC4 /* ImageFromStoryBoardController.swift */,
			);
			path = DisplayImage;
			sourceTree = "<group>";
		};
		D8469ABE1CCEDEA300528777 /* ImageFromCode */ = {
			isa = PBXGroup;
			children = (
				D8469ABF1CCEDECE00528777 /* ImageFromCodeController.swift */,
			);
			path = ImageFromCode;
			sourceTree = "<group>";
		};
		D86298181CCC60A900393DEE /* SegueTransition */ = {
			isa = PBXGroup;
			children = (
				D886EB841CCC61C7004FEAD2 /* SegueDetailController.swift */,
				D8015FB31CCA6DB700F2BCED /* SegueTransitionController.swift */,
			);
			path = SegueTransition;
			sourceTree = "<group>";
		};
		D8BD5DEF1CA7E86A000E4E0E = {
			isa = PBXGroup;
			children = (
				D8BD5DFA1CA7E86A000E4E0E /* AppleWatchSample */,
				D8BD5E0E1CA7E86A000E4E0E /* AppleWatchSample WatchKit App */,
				D8BD5E1D1CA7E86B000E4E0E /* AppleWatchSample WatchKit Extension */,
				D8BD5DF91CA7E86A000E4E0E /* Products */,
			);
			sourceTree = "<group>";
		};
		D8BD5DF91CA7E86A000E4E0E /* Products */ = {
			isa = PBXGroup;
			children = (
				D8BD5DF81CA7E86A000E4E0E /* AppleWatchSample.app */,
				D8BD5E0A1CA7E86A000E4E0E /* AppleWatchSample WatchKit App.app */,
				D8BD5E191CA7E86B000E4E0E /* AppleWatchSample WatchKit Extension.appex */,
			);
			name = Products;
			sourceTree = "<group>";
		};
		D8BD5DFA1CA7E86A000E4E0E /* AppleWatchSample */ = {
			isa = PBXGroup;
			children = (
				D8BD5DFB1CA7E86A000E4E0E /* AppDelegate.swift */,
				D8BD5E021CA7E86A000E4E0E /* Assets.xcassets */,
				D8BD5E071CA7E86A000E4E0E /* Info.plist */,
				D8BD5E041CA7E86A000E4E0E /* LaunchScreen.storyboard */,
				D8BD5DFF1CA7E86A000E4E0E /* Main.storyboard */,
				D8BD5DFD1CA7E86A000E4E0E /* ViewController.swift */,
			);
			path = AppleWatchSample;
			sourceTree = "<group>";
		};
		D8BD5E0E1CA7E86A000E4E0E /* AppleWatchSample WatchKit App */ = {
			isa = PBXGroup;
			children = (
				D8469ABC1CCD92C300528777 /* Assets.xcassets */,
				D8BD5E141CA7E86A000E4E0E /* Info.plist */,
				D8BD5E0F1CA7E86A000E4E0E /* Interface.storyboard */,
			);
			path = "AppleWatchSample WatchKit App";
			sourceTree = "<group>";
		};
		D8BD5E1D1CA7E86B000E4E0E /* AppleWatchSample WatchKit Extension */ = {
			isa = PBXGroup;
			children = (
				D86298181CCC60A900393DEE /* SegueTransition */,
				D81F603A1CCCE805005BBBC4 /* DisplayImage */,
				D8469ABE1CCEDEA300528777 /* ImageFromCode */,
				D8BD5E1E1CA7E86B000E4E0E /* Supporting Files */,
				D8BD5E261CA7E86B000E4E0E /* Assets.xcassets */,
				D8BD5E221CA7E86B000E4E0E /* ExtensionDelegate.swift */,
				D8BD5E281CA7E86B000E4E0E /* Info.plist */,
				D8BD5E201CA7E86B000E4E0E /* InterfaceController.swift */,
				D8BD5E241CA7E86B000E4E0E /* NotificationController.swift */,
				D81999561CC7B588009E7E48 /* TableRow.swift */,
			);
			path = "AppleWatchSample WatchKit Extension";
			sourceTree = "<group>";
		};
		D8BD5E1E1CA7E86B000E4E0E /* Supporting Files */ = {
			isa = PBXGroup;
			children = (
				D8BD5E1F1CA7E86B000E4E0E /* PushNotificationPayload.apns */,
			);
			path = "Supporting Files";
			sourceTree = "<group>";
		};
/* End PBXGroup section */

/* Begin PBXNativeTarget section */
		D8BD5DF71CA7E86A000E4E0E /* AppleWatchSample */ = {
			isa = PBXNativeTarget;
			buildConfigurationList = D8BD5E331CA7E86B000E4E0E /* Build configuration list for PBXNativeTarget "AppleWatchSample" */;
			buildPhases = (
				D8BD5DF41CA7E86A000E4E0E /* Sources */,
				D8BD5DF51CA7E86A000E4E0E /* Frameworks */,
				D8BD5DF61CA7E86A000E4E0E /* Resources */,
				D8BD5E321CA7E86B000E4E0E /* Embed Watch Content */,
			);
			buildRules = (
			);
			dependencies = (
				D8BD5E0D1CA7E86A000E4E0E /* PBXTargetDependency */,
			);
			name = AppleWatchSample;
			productName = AppleWatchSample;
			productReference = D8BD5DF81CA7E86A000E4E0E /* AppleWatchSample.app */;
			productType = "com.apple.product-type.application";
		};
		D8BD5E091CA7E86A000E4E0E /* AppleWatchSample WatchKit App */ = {
			isa = PBXNativeTarget;
			buildConfigurationList = D8BD5E2F1CA7E86B000E4E0E /* Build configuration list for PBXNativeTarget "AppleWatchSample WatchKit App" */;
			buildPhases = (
				D8BD5E081CA7E86A000E4E0E /* Resources */,
				D8BD5E2E1CA7E86B000E4E0E /* Embed App Extensions */,
			);
			buildRules = (
			);
			dependencies = (
				D8BD5E1C1CA7E86B000E4E0E /* PBXTargetDependency */,
			);
			name = "AppleWatchSample WatchKit App";
			productName = "AppleWatchSample WatchKit App";
			productReference = D8BD5E0A1CA7E86A000E4E0E /* AppleWatchSample WatchKit App.app */;
			productType = "com.apple.product-type.application.watchapp2";
		};
		D8BD5E181CA7E86B000E4E0E /* AppleWatchSample WatchKit Extension */ = {
			isa = PBXNativeTarget;
			buildConfigurationList = D8BD5E2B1CA7E86B000E4E0E /* Build configuration list for PBXNativeTarget "AppleWatchSample WatchKit Extension" */;
			buildPhases = (
				D8BD5E151CA7E86B000E4E0E /* Sources */,
				D8BD5E161CA7E86B000E4E0E /* Frameworks */,
				D8BD5E171CA7E86B000E4E0E /* Resources */,
			);
			buildRules = (
			);
			dependencies = (
			);
			name = "AppleWatchSample WatchKit Extension";
			productName = "AppleWatchSample WatchKit Extension";
			productReference = D8BD5E191CA7E86B000E4E0E /* AppleWatchSample WatchKit Extension.appex */;
			productType = "com.apple.product-type.watchkit2-extension";
		};
/* End PBXNativeTarget section */

/* Begin PBXProject section */
		D8BD5DF01CA7E86A000E4E0E /* Project object */ = {
			isa = PBXProject;
			attributes = {
				LastSwiftUpdateCheck = 0730;
				LastUpgradeCheck = 0730;
				ORGANIZATIONNAME = "IOKA Masakazu";
				TargetAttributes = {
					D8BD5DF71CA7E86A000E4E0E = {
						CreatedOnToolsVersion = 7.3;
					};
					D8BD5E091CA7E86A000E4E0E = {
						CreatedOnToolsVersion = 7.3;
					};
					D8BD5E181CA7E86B000E4E0E = {
						CreatedOnToolsVersion = 7.3;
					};
				};
			};
			buildConfigurationList = D8BD5DF31CA7E86A000E4E0E /* Build configuration list for PBXProject "AppleWatchSample" */;
			compatibilityVersion = "Xcode 3.2";
			developmentRegion = English;
			hasScannedForEncodings = 0;
			knownRegions = (
				en,
				Base,
			);
			mainGroup = D8BD5DEF1CA7E86A000E4E0E;
			productRefGroup = D8BD5DF91CA7E86A000E4E0E /* Products */;
			projectDirPath = "";
			projectRoot = "";
			targets = (
				D8BD5DF71CA7E86A000E4E0E /* AppleWatchSample */,
				D8BD5E091CA7E86A000E4E0E /* AppleWatchSample WatchKit App */,
				D8BD5E181CA7E86B000E4E0E /* AppleWatchSample WatchKit Extension */,
			);
		};
/* End PBXProject section */

/* Begin PBXResourcesBuildPhase section */
		D8BD5DF61CA7E86A000E4E0E /* Resources */ = {
			isa = PBXResourcesBuildPhase;
			buildActionMask = 2147483647;
			files = (
				D8BD5E061CA7E86A000E4E0E /* LaunchScreen.storyboard in Resources */,
				D8BD5E031CA7E86A000E4E0E /* Assets.xcassets in Resources */,
				D8BD5E011CA7E86A000E4E0E /* Main.storyboard in Resources */,
			);
			runOnlyForDeploymentPostprocessing = 0;
		};
		D8BD5E081CA7E86A000E4E0E /* Resources */ = {
			isa = PBXResourcesBuildPhase;
			buildActionMask = 2147483647;
			files = (
				D8469ABD1CCD92C300528777 /* Assets.xcassets in Resources */,
				D8BD5E111CA7E86A000E4E0E /* Interface.storyboard in Resources */,
			);
			runOnlyForDeploymentPostprocessing = 0;
		};
		D8BD5E171CA7E86B000E4E0E /* Resources */ = {
			isa = PBXResourcesBuildPhase;
			buildActionMask = 2147483647;
			files = (
				D8BD5E271CA7E86B000E4E0E /* Assets.xcassets in Resources */,
			);
			runOnlyForDeploymentPostprocessing = 0;
		};
/* End PBXResourcesBuildPhase section */

/* Begin PBXSourcesBuildPhase section */
		D8BD5DF41CA7E86A000E4E0E /* Sources */ = {
			isa = PBXSourcesBuildPhase;
			buildActionMask = 2147483647;
			files = (
				D8BD5DFE1CA7E86A000E4E0E /* ViewController.swift in Sources */,
				D8BD5DFC1CA7E86A000E4E0E /* AppDelegate.swift in Sources */,
			);
			runOnlyForDeploymentPostprocessing = 0;
		};
		D8BD5E151CA7E86B000E4E0E /* Sources */ = {
			isa = PBXSourcesBuildPhase;
			buildActionMask = 2147483647;
			files = (
				D8BD5E251CA7E86B000E4E0E /* NotificationController.swift in Sources */,
				D81F603C1CCCE843005BBBC4 /* ImageFromStoryBoardController.swift in Sources */,
				D8469AC01CCEDECE00528777 /* ImageFromCodeController.swift in Sources */,
				D81999571CC7B588009E7E48 /* TableRow.swift in Sources */,
				D8BD5E231CA7E86B000E4E0E /* ExtensionDelegate.swift in Sources */,
				D8BD5E211CA7E86B000E4E0E /* InterfaceController.swift in Sources */,
				D886EB851CCC61C7004FEAD2 /* SegueDetailController.swift in Sources */,
				D8015FB41CCA6DB700F2BCED /* SegueTransitionController.swift in Sources */,
			);
			runOnlyForDeploymentPostprocessing = 0;
		};
/* End PBXSourcesBuildPhase section */

/* Begin PBXTargetDependency section */
		D8BD5E0D1CA7E86A000E4E0E /* PBXTargetDependency */ = {
			isa = PBXTargetDependency;
			target = D8BD5E091CA7E86A000E4E0E /* AppleWatchSample WatchKit App */;
			targetProxy = D8BD5E0C1CA7E86A000E4E0E /* PBXContainerItemProxy */;
		};
		D8BD5E1C1CA7E86B000E4E0E /* PBXTargetDependency */ = {
			isa = PBXTargetDependency;
			target = D8BD5E181CA7E86B000E4E0E /* AppleWatchSample WatchKit Extension */;
			targetProxy = D8BD5E1B1CA7E86B000E4E0E /* PBXContainerItemProxy */;
		};
/* End PBXTargetDependency section */

/* Begin PBXVariantGroup section */
		D8BD5DFF1CA7E86A000E4E0E /* Main.storyboard */ = {
			isa = PBXVariantGroup;
			children = (
				D8BD5E001CA7E86A000E4E0E /* Base */,
			);
			name = Main.storyboard;
			path = .;
			sourceTree = "<group>";
		};
		D8BD5E041CA7E86A000E4E0E /* LaunchScreen.storyboard */ = {
			isa = PBXVariantGroup;
			children = (
				D8BD5E051CA7E86A000E4E0E /* Base */,
			);
			name = LaunchScreen.storyboard;
			path = .;
			sourceTree = "<group>";
		};
		D8BD5E0F1CA7E86A000E4E0E /* Interface.storyboard */ = {
			isa = PBXVariantGroup;
			children = (
				D8BD5E101CA7E86A000E4E0E /* Base */,
			);
			name = Interface.storyboard;
			path = .;
			sourceTree = "<group>";
		};
/* End PBXVariantGroup section */

/* Begin XCBuildConfiguration section */
		D8BD5E291CA7E86B000E4E0E /* Debug */ = {
			isa = XCBuildConfiguration;
			buildSettings = {
				ALWAYS_SEARCH_USER_PATHS = NO;
				CLANG_ANALYZER_NONNULL = YES;
				CLANG_CXX_LANGUAGE_STANDARD = "gnu++0x";
				CLANG_CXX_LIBRARY = "libc++";
				CLANG_ENABLE_MODULES = YES;
				CLANG_ENABLE_OBJC_ARC = YES;
				CLANG_WARN_BOOL_CONVERSION = YES;
				CLANG_WARN_CONSTANT_CONVERSION = YES;
				CLANG_WARN_DIRECT_OBJC_ISA_USAGE = YES_ERROR;
				CLANG_WARN_EMPTY_BODY = YES;
				CLANG_WARN_ENUM_CONVERSION = YES;
				CLANG_WARN_INT_CONVERSION = YES;
				CLANG_WARN_OBJC_ROOT_CLASS = YES_ERROR;
				CLANG_WARN_UNREACHABLE_CODE = YES;
				CLANG_WARN__DUPLICATE_METHOD_MATCH = YES;
				"CODE_SIGN_IDENTITY[sdk=iphoneos*]" = "iPhone Developer";
				COPY_PHASE_STRIP = NO;
				DEBUG_INFORMATION_FORMAT = dwarf;
				ENABLE_STRICT_OBJC_MSGSEND = YES;
				ENABLE_TESTABILITY = YES;
				GCC_C_LANGUAGE_STANDARD = gnu99;
				GCC_DYNAMIC_NO_PIC = NO;
				GCC_NO_COMMON_BLOCKS = YES;
				GCC_OPTIMIZATION_LEVEL = 0;
				GCC_PREPROCESSOR_DEFINITIONS = (
					"DEBUG=1",
					"$(inherited)",
				);
				GCC_WARN_64_TO_32_BIT_CONVERSION = YES;
				GCC_WARN_ABOUT_RETURN_TYPE = YES_ERROR;
				GCC_WARN_UNDECLARED_SELECTOR = YES;
				GCC_WARN_UNINITIALIZED_AUTOS = YES_AGGRESSIVE;
				GCC_WARN_UNUSED_FUNCTION = YES;
				GCC_WARN_UNUSED_VARIABLE = YES;
				IPHONEOS_DEPLOYMENT_TARGET = 9.3;
				MTL_ENABLE_DEBUG_INFO = YES;
				ONLY_ACTIVE_ARCH = YES;
				SDKROOT = iphoneos;
				SWIFT_OPTIMIZATION_LEVEL = "-Onone";
				TARGETED_DEVICE_FAMILY = "1,2";
			};
			name = Debug;
		};
		D8BD5E2A1CA7E86B000E4E0E /* Release */ = {
			isa = XCBuildConfiguration;
			buildSettings = {
				ALWAYS_SEARCH_USER_PATHS = NO;
				CLANG_ANALYZER_NONNULL = YES;
				CLANG_CXX_LANGUAGE_STANDARD = "gnu++0x";
				CLANG_CXX_LIBRARY = "libc++";
				CLANG_ENABLE_MODULES = YES;
				CLANG_ENABLE_OBJC_ARC = YES;
				CLANG_WARN_BOOL_CONVERSION = YES;
				CLANG_WARN_CONSTANT_CONVERSION = YES;
				CLANG_WARN_DIRECT_OBJC_ISA_USAGE = YES_ERROR;
				CLANG_WARN_EMPTY_BODY = YES;
				CLANG_WARN_ENUM_CONVERSION = YES;
				CLANG_WARN_INT_CONVERSION = YES;
				CLANG_WARN_OBJC_ROOT_CLASS = YES_ERROR;
				CLANG_WARN_UNREACHABLE_CODE = YES;
				CLANG_WARN__DUPLICATE_METHOD_MATCH = YES;
				"CODE_SIGN_IDENTITY[sdk=iphoneos*]" = "iPhone Developer";
				COPY_PHASE_STRIP = NO;
				DEBUG_INFORMATION_FORMAT = "dwarf-with-dsym";
				ENABLE_NS_ASSERTIONS = NO;
				ENABLE_STRICT_OBJC_MSGSEND = YES;
				GCC_C_LANGUAGE_STANDARD = gnu99;
				GCC_NO_COMMON_BLOCKS = YES;
				GCC_WARN_64_TO_32_BIT_CONVERSION = YES;
				GCC_WARN_ABOUT_RETURN_TYPE = YES_ERROR;
				GCC_WARN_UNDECLARED_SELECTOR = YES;
				GCC_WARN_UNINITIALIZED_AUTOS = YES_AGGRESSIVE;
				GCC_WARN_UNUSED_FUNCTION = YES;
				GCC_WARN_UNUSED_VARIABLE = YES;
				IPHONEOS_DEPLOYMENT_TARGET = 9.3;
				MTL_ENABLE_DEBUG_INFO = NO;
				SDKROOT = iphoneos;
				TARGETED_DEVICE_FAMILY = "1,2";
				VALIDATE_PRODUCT = YES;
			};
			name = Release;
		};
		D8BD5E2C1CA7E86B000E4E0E /* Debug */ = {
			isa = XCBuildConfiguration;
			buildSettings = {
				INFOPLIST_FILE = "AppleWatchSample WatchKit Extension/Info.plist";
				LD_RUNPATH_SEARCH_PATHS = "$(inherited) @executable_path/Frameworks @executable_path/../../Frameworks";
				PRODUCT_BUNDLE_IDENTIFIER = jp.hitting.AppleWatchSample.watchkitapp.watchkitextension;
				PRODUCT_NAME = "${TARGET_NAME}";
				SDKROOT = watchos;
				SKIP_INSTALL = YES;
				TARGETED_DEVICE_FAMILY = 4;
				WATCHOS_DEPLOYMENT_TARGET = 2.2;
			};
			name = Debug;
		};
		D8BD5E2D1CA7E86B000E4E0E /* Release */ = {
			isa = XCBuildConfiguration;
			buildSettings = {
				INFOPLIST_FILE = "AppleWatchSample WatchKit Extension/Info.plist";
				LD_RUNPATH_SEARCH_PATHS = "$(inherited) @executable_path/Frameworks @executable_path/../../Frameworks";
				PRODUCT_BUNDLE_IDENTIFIER = jp.hitting.AppleWatchSample.watchkitapp.watchkitextension;
				PRODUCT_NAME = "${TARGET_NAME}";
				SDKROOT = watchos;
				SKIP_INSTALL = YES;
				TARGETED_DEVICE_FAMILY = 4;
				WATCHOS_DEPLOYMENT_TARGET = 2.2;
			};
			name = Release;
		};
		D8BD5E301CA7E86B000E4E0E /* Debug */ = {
			isa = XCBuildConfiguration;
			buildSettings = {
				ASSETCATALOG_COMPILER_APPICON_NAME = AppIcon;
				EMBEDDED_CONTENT_CONTAINS_SWIFT = YES;
				IBSC_MODULE = AppleWatchSample_WatchKit_Extension;
				INFOPLIST_FILE = "AppleWatchSample WatchKit App/Info.plist";
				PRODUCT_BUNDLE_IDENTIFIER = jp.hitting.AppleWatchSample.watchkitapp;
				PRODUCT_NAME = "$(TARGET_NAME)";
				SDKROOT = watchos;
				SKIP_INSTALL = YES;
				TARGETED_DEVICE_FAMILY = 4;
				WATCHOS_DEPLOYMENT_TARGET = 2.2;
			};
			name = Debug;
		};
		D8BD5E311CA7E86B000E4E0E /* Release */ = {
			isa = XCBuildConfiguration;
			buildSettings = {
				ASSETCATALOG_COMPILER_APPICON_NAME = AppIcon;
				EMBEDDED_CONTENT_CONTAINS_SWIFT = YES;
				IBSC_MODULE = AppleWatchSample_WatchKit_Extension;
				INFOPLIST_FILE = "AppleWatchSample WatchKit App/Info.plist";
				PRODUCT_BUNDLE_IDENTIFIER = jp.hitting.AppleWatchSample.watchkitapp;
				PRODUCT_NAME = "$(TARGET_NAME)";
				SDKROOT = watchos;
				SKIP_INSTALL = YES;
				TARGETED_DEVICE_FAMILY = 4;
				WATCHOS_DEPLOYMENT_TARGET = 2.2;
			};
			name = Release;
		};
		D8BD5E341CA7E86B000E4E0E /* Debug */ = {
			isa = XCBuildConfiguration;
			buildSettings = {
				ASSETCATALOG_COMPILER_APPICON_NAME = AppIcon;
				INFOPLIST_FILE = AppleWatchSample/Info.plist;
				LD_RUNPATH_SEARCH_PATHS = "$(inherited) @executable_path/Frameworks";
				PRODUCT_BUNDLE_IDENTIFIER = jp.hitting.AppleWatchSample;
				PRODUCT_NAME = "$(TARGET_NAME)";
			};
			name = Debug;
		};
		D8BD5E351CA7E86B000E4E0E /* Release */ = {
			isa = XCBuildConfiguration;
			buildSettings = {
				ASSETCATALOG_COMPILER_APPICON_NAME = AppIcon;
				INFOPLIST_FILE = AppleWatchSample/Info.plist;
				LD_RUNPATH_SEARCH_PATHS = "$(inherited) @executable_path/Frameworks";
				PRODUCT_BUNDLE_IDENTIFIER = jp.hitting.AppleWatchSample;
				PRODUCT_NAME = "$(TARGET_NAME)";
			};
			name = Release;
		};
/* End XCBuildConfiguration section */

/* Begin XCConfigurationList section */
		D8BD5DF31CA7E86A000E4E0E /* Build configuration list for PBXProject "AppleWatchSample" */ = {
			isa = XCConfigurationList;
			buildConfigurations = (
				D8BD5E291CA7E86B000E4E0E /* Debug */,
				D8BD5E2A1CA7E86B000E4E0E /* Release */,
			);
			defaultConfigurationIsVisible = 0;
			defaultConfigurationName = Release;
		};
		D8BD5E2B1CA7E86B000E4E0E /* Build configuration list for PBXNativeTarget "AppleWatchSample WatchKit Extension" */ = {
			isa = XCConfigurationList;
			buildConfigurations = (
				D8BD5E2C1CA7E86B000E4E0E /* Debug */,
				D8BD5E2D1CA7E86B000E4E0E /* Release */,
			);
			defaultConfigurationIsVisible = 0;
			defaultConfigurationName = Release;
		};
		D8BD5E2F1CA7E86B000E4E0E /* Build configuration list for PBXNativeTarget "AppleWatchSample WatchKit App" */ = {
			isa = XCConfigurationList;
			buildConfigurations = (
				D8BD5E301CA7E86B000E4E0E /* Debug */,
				D8BD5E311CA7E86B000E4E0E /* Release */,
			);
			defaultConfigurationIsVisible = 0;
			defaultConfigurationName = Release;
		};
		D8BD5E331CA7E86B000E4E0E /* Build configuration list for PBXNativeTarget "AppleWatchSample" */ = {
			isa = XCConfigurationList;
			buildConfigurations = (
				D8BD5E341CA7E86B000E4E0E /* Debug */,
				D8BD5E351CA7E86B000E4E0E /* Release */,
			);
			defaultConfigurationIsVisible = 0;
			defaultConfigurationName = Release;
		};
/* End XCConfigurationList section */
	};
	rootObject = D8BD5DF01CA7E86A000E4E0E /* Project object */;
}
